
Microsoft Visual Studio Solution File, Format Version 12.00
# Visual Studio Version 16
VisualStudioVersion = 16.0.31005.135
MinimumVisualStudioVersion = 10.0.40219.1
Project("{FAE04EC0-301F-11D3-BF4B-00C04F79EFBC}") = "SuperCalc", "SuperCalc.csproj", "{99001AC2-F869-4204-9A86-5E4ABBCAF6DA}"
EndProject
Global
	GlobalSection(SolutionConfigurationPlatforms) = preSolution
		Debug|Any CPU = Debug|Any CPU
		Release|Any CPU = Release|Any CPU
	EndGlobalSection
	GlobalSection(ProjectConfigurationPlatforms) = postSolution
		{99001AC2-F869-4204-9A86-5E4ABBCAF6DA}.Debug|Any CPU.ActiveCfg = Debug|Any CPU
		{99001AC2-F869-4204-9A86-5E4ABBCAF6DA}.Debug|Any CPU.Build.0 = Debug|Any CPU
		{99001AC2-F869-4204-9A86-5E4ABBCAF6DA}.Release|Any CPU.ActiveCfg = Release|Any CPU
		{99001AC2-F869-4204-9A86-5E4ABBCAF6DA}.Release|Any CPU.Build.0 = Release|Any CPU
	EndGlobalSection
	GlobalSection(SolutionProperties) = preSolution
		HideSolutionNode = FALSE
	EndGlobalSection
	GlobalSection(ExtensibilityGlobals) = postSolution
		SolutionGuid = {1D11AF08-A6D8-43FB-8C14-909F1FD516DC}
	EndGlobalSection
EndGlobal
